
Microsoft Visual Studio Solution File, Format Version 12.00
# Visual Studio Version 17
VisualStudioVersion = 17.5.002.0
MinimumVisualStudioVersion = 10.0.40219.1
Project("{9A19103F-16F7-4668-BE54-9A1E7A4F7556}") = "UA", "UA.csproj", "{2A6207E8-9094-4E0A-B3F3-34942A0EE5F8}"
EndProject
Global
	GlobalSection(SolutionConfigurationPlatforms) = preSolution
		Debug|Any CPU = Debug|Any CPU
		Release|Any CPU = Release|Any CPU
	EndGlobalSection
	GlobalSection(ProjectConfigurationPlatforms) = postSolution
		{2A6207E8-9094-4E0A-B3F3-34942A0EE5F8}.Debug|Any CPU.ActiveCfg = Debug|Any CPU
		{2A6207E8-9094-4E0A-B3F3-34942A0EE5F8}.Debug|Any CPU.Build.0 = Debug|Any CPU
		{2A6207E8-9094-4E0A-B3F3-34942A0EE5F8}.Release|Any CPU.ActiveCfg = Release|Any CPU
		{2A6207E8-9094-4E0A-B3F3-34942A0EE5F8}.Release|Any CPU.Build.0 = Release|Any CPU
	EndGlobalSection
	GlobalSection(SolutionProperties) = preSolution
		HideSolutionNode = FALSE
	EndGlobalSection
	GlobalSection(ExtensibilityGlobals) = postSolution
		SolutionGuid = {D3606961-FC4C-4E1C-A82E-CD4D2EB8BB9E}
	EndGlobalSection
EndGlobal
